
Microsoft Visual Studio Solution File, Format Version 12.00
# Visual Studio Version 16
VisualStudioVersion = 16.0.31911.196
MinimumVisualStudioVersion = 10.0.40219.1
Project("{9A19103F-16F7-4668-BE54-9A1E7A4F7556}") = "HospitalManagementSystem", "HospitalManagementSystem\HospitalManagementSystem.csproj", "{BD3A6048-0824-4481-BD45-6B1C47F06A39}"
EndProject
Project("{9A19103F-16F7-4668-BE54-9A1E7A4F7556}") = "HMS.BAL", "HMS.BAL\HMS.BAL.csproj", "{B886D2A6-3325-4A5D-990A-2E95C87C198D}"
EndProject
Project("{FAE04EC0-301F-11D3-BF4B-00C04F79EFBC}") = "HMS.DAL", "HMS.DAL\HMS.DAL.csproj", "{9F81BD38-4D46-47E7-9548-76963A1F52BE}"
EndProject
Project("{FAE04EC0-301F-11D3-BF4B-00C04F79EFBC}") = "HMS.Entity", "HMS.Entity\HMS.Entity.csproj", "{FC86AD3A-F7B6-48D8-8ABA-7FF313AD3393}"
EndProject
Project("{FAE04EC0-301F-11D3-BF4B-00C04F79EFBC}") = "HMS.UI", "HMS.UI\HMS.UI.csproj", "{E7564881-306D-4671-8E6F-20F96B876272}"
EndProject
Global
	GlobalSection(SolutionConfigurationPlatforms) = preSolution
		Debug|Any CPU = Debug|Any CPU
		Release|Any CPU = Release|Any CPU
	EndGlobalSection
	GlobalSection(ProjectConfigurationPlatforms) = postSolution
		{BD3A6048-0824-4481-BD45-6B1C47F06A39}.Debug|Any CPU.ActiveCfg = Debug|Any CPU
		{BD3A6048-0824-4481-BD45-6B1C47F06A39}.Debug|Any CPU.Build.0 = Debug|Any CPU
		{BD3A6048-0824-4481-BD45-6B1C47F06A39}.Release|Any CPU.ActiveCfg = Release|Any CPU
		{BD3A6048-0824-4481-BD45-6B1C47F06A39}.Release|Any CPU.Build.0 = Release|Any CPU
		{B886D2A6-3325-4A5D-990A-2E95C87C198D}.Debug|Any CPU.ActiveCfg = Debug|Any CPU
		{B886D2A6-3325-4A5D-990A-2E95C87C198D}.Debug|Any CPU.Build.0 = Debug|Any CPU
		{B886D2A6-3325-4A5D-990A-2E95C87C198D}.Release|Any CPU.ActiveCfg = Release|Any CPU
		{B886D2A6-3325-4A5D-990A-2E95C87C198D}.Release|Any CPU.Build.0 = Release|Any CPU
		{9F81BD38-4D46-47E7-9548-76963A1F52BE}.Debug|Any CPU.ActiveCfg = Debug|Any CPU
		{9F81BD38-4D46-47E7-9548-76963A1F52BE}.Debug|Any CPU.Build.0 = Debug|Any CPU
		{9F81BD38-4D46-47E7-9548-76963A1F52BE}.Release|Any CPU.ActiveCfg = Release|Any CPU
		{9F81BD38-4D46-47E7-9548-76963A1F52BE}.Release|Any CPU.Build.0 = Release|Any CPU
		{FC86AD3A-F7B6-48D8-8ABA-7FF313AD3393}.Debug|Any CPU.ActiveCfg = Debug|Any CPU
		{FC86AD3A-F7B6-48D8-8ABA-7FF313AD3393}.Debug|Any CPU.Build.0 = Debug|Any CPU
		{FC86AD3A-F7B6-48D8-8ABA-7FF313AD3393}.Release|Any CPU.ActiveCfg = Release|Any CPU
		{FC86AD3A-F7B6-48D8-8ABA-7FF313AD3393}.Release|Any CPU.Build.0 = Release|Any CPU
		{E7564881-306D-4671-8E6F-20F96B876272}.Debug|Any CPU.ActiveCfg = Debug|Any CPU
		{E7564881-306D-4671-8E6F-20F96B876272}.Debug|Any CPU.Build.0 = Debug|Any CPU
		{E7564881-306D-4671-8E6F-20F96B876272}.Release|Any CPU.ActiveCfg = Release|Any CPU
		{E7564881-306D-4671-8E6F-20F96B876272}.Release|Any CPU.Build.0 = Release|Any CPU
	EndGlobalSection
	GlobalSection(SolutionProperties) = preSolution
		HideSolutionNode = FALSE
	EndGlobalSection
	GlobalSection(ExtensibilityGlobals) = postSolution
		SolutionGuid = {9E676798-0BD4-47B1-AF3C-838E7BF6AD42}
	EndGlobalSection
EndGlobal
